
Microsoft Visual Studio Solution File, Format Version 12.00
# Visual Studio 15
VisualStudioVersion = 15.0.27004.2010
MinimumVisualStudioVersion = 10.0.40219.1
Project("{FAE04EC0-301F-11D3-BF4B-00C04F79EFBC}") = "Amoenus.NiceActionRepeater", "Amoenus.NiceActionRepeater\Amoenus.NiceActionRepeater.csproj", "{59099BD7-72F0-4D60-B839-3961619E4AC7}"
EndProject
Project("{2150E333-8FDC-42A3-9474-1A3956D46DE8}") = "Solution Items", "Solution Items", "{E54AC46E-466B-4D9E-8BD8-23AF9D2AF451}"
	ProjectSection(SolutionItems) = preProject
		appveyor.yml = appveyor.yml
		CC0-Logo.png = CC0-Logo.png
		CONTRIBUTING.md = CONTRIBUTING.md
		LICENSE.md = LICENSE.md
	EndProjectSection
EndProject
Project("{FAE04EC0-301F-11D3-BF4B-00C04F79EFBC}") = "Amoenus.NiceActionRepeater.Tests", "Amoenus.NiceActionRepeater.Tests\Amoenus.NiceActionRepeater.Tests.csproj", "{32167282-C706-4C9A-8110-950291AC0682}"
EndProject
Global
	GlobalSection(SolutionConfigurationPlatforms) = preSolution
		Debug|Any CPU = Debug|Any CPU
		Release|Any CPU = Release|Any CPU
	EndGlobalSection
	GlobalSection(ProjectConfigurationPlatforms) = postSolution
		{59099BD7-72F0-4D60-B839-3961619E4AC7}.Debug|Any CPU.ActiveCfg = Debug|Any CPU
		{59099BD7-72F0-4D60-B839-3961619E4AC7}.Debug|Any CPU.Build.0 = Debug|Any CPU
		{59099BD7-72F0-4D60-B839-3961619E4AC7}.Release|Any CPU.ActiveCfg = Release|Any CPU
		{59099BD7-72F0-4D60-B839-3961619E4AC7}.Release|Any CPU.Build.0 = Release|Any CPU
		{32167282-C706-4C9A-8110-950291AC0682}.Debug|Any CPU.ActiveCfg = Debug|Any CPU
		{32167282-C706-4C9A-8110-950291AC0682}.Debug|Any CPU.Build.0 = Debug|Any CPU
		{32167282-C706-4C9A-8110-950291AC0682}.Release|Any CPU.ActiveCfg = Release|Any CPU
		{32167282-C706-4C9A-8110-950291AC0682}.Release|Any CPU.Build.0 = Release|Any CPU
	EndGlobalSection
	GlobalSection(SolutionProperties) = preSolution
		HideSolutionNode = FALSE
	EndGlobalSection
	GlobalSection(ExtensibilityGlobals) = postSolution
		SolutionGuid = {8DC62DC9-AFD5-47CB-AD07-53CCA9D98C18}
	EndGlobalSection
EndGlobal
